{
  "requires": true,
  "lockfileVersion": 1,
  "dependencies": {
    "hmos-neumorphism": {
      "version": "1.0.11",
      "resolved": "https://repo.huaweicloud.com/repository/npm/hmos-neumorphism/-/hmos-neumorphism-1.0.11.tgz",
      "integrity": "sha512-I6Qy3vdWGpvXmNuPoiP2+2sojgt+ncffnfk0gllZPx4JKRjXgdZEnokE6xBtyaSoafw6fcLGBl/6h2rXr1XTQw=="
    }
  }
}
